
Microsoft Visual Studio Solution File, Format Version 12.00
# Visual Studio Version 17
VisualStudioVersion = 17.9.34607.119
MinimumVisualStudioVersion = 10.0.40219.1
Project("{FAE04EC0-301F-11D3-BF4B-00C04F79EFBC}") = "quizz.json.5", "quizz.json.5\quizz.json.5.csproj", "{042FBBD5-5265-4CC0-BD20-1E3E995BED70}"
EndProject
Global
	GlobalSection(SolutionConfigurationPlatforms) = preSolution
		Debug|Any CPU = Debug|Any CPU
		Release|Any CPU = Release|Any CPU
	EndGlobalSection
	GlobalSection(ProjectConfigurationPlatforms) = postSolution
		{042FBBD5-5265-4CC0-BD20-1E3E995BED70}.Debug|Any CPU.ActiveCfg = Debug|Any CPU
		{042FBBD5-5265-4CC0-BD20-1E3E995BED70}.Debug|Any CPU.Build.0 = Debug|Any CPU
		{042FBBD5-5265-4CC0-BD20-1E3E995BED70}.Release|Any CPU.ActiveCfg = Release|Any CPU
		{042FBBD5-5265-4CC0-BD20-1E3E995BED70}.Release|Any CPU.Build.0 = Release|Any CPU
	EndGlobalSection
	GlobalSection(SolutionProperties) = preSolution
		HideSolutionNode = FALSE
	EndGlobalSection
	GlobalSection(ExtensibilityGlobals) = postSolution
		SolutionGuid = {FFF3C223-B23E-4C58-B159-3AC0F402EDF8}
	EndGlobalSection
EndGlobal
